PODS:
  - CocoaAsyncSocket (7.5.1):
    - CocoaAsyncSocket/GCD (= 7.5.1)
  - CocoaAsyncSocket/GCD (7.5.1)
  - XCTAsyncTestCase (0.1.1)

DEPENDENCIES:
  - CocoaAsyncSocket (~> 7.3)
  - XCTAsyncTestCase (from `https://github.com/iheartradio/xctest-additions.git`)

EXTERNAL SOURCES:
  XCTAsyncTestCase:
    :git: https://github.com/iheartradio/xctest-additions.git

CHECKOUT OPTIONS:
  XCTAsyncTestCase:
    :commit: 2ed4b07c8a8ba6866641bb411e6cfd5221786501
    :git: https://github.com/iheartradio/xctest-additions.git

SPEC CHECKSUMS:
  CocoaAsyncSocket: e0a7e93b2ffa411592ff87e58524fbbc9b95b4fa
  XCTAsyncTestCase: bef121d18c8dfc13db3c03a7e22c7eba72aeda8e

PODFILE CHECKSUM: f3c21b53c61bb509511a0595200bbad465b1e476

COCOAPODS: 1.1.1
